
Microsoft Visual Studio Solution File, Format Version 12.00
# Visual Studio 2013
VisualStudioVersion = 12.0.40629.0
MinimumVisualStudioVersion = 10.0.40219.1
Project("{FAE04EC0-301F-11D3-BF4B-00C04F79EFBC}") = "Mvc_Repository.Web", "Mvc_Repository\Mvc_Repository.Web.csproj", "{61E150C6-9F22-4910-9DDE-261D946BAADA}"
EndProject
Project("{FAE04EC0-301F-11D3-BF4B-00C04F79EFBC}") = "Mvc_Repository.Models", "Mvc_Repository.Models\Mvc_Repository.Models.csproj", "{DE46F457-A6F8-4ADC-950C-ECF4F1732BEA}"
EndProject
Global
	GlobalSection(SolutionConfigurationPlatforms) = preSolution
		Debug|Any CPU = Debug|Any CPU
		Release|Any CPU = Release|Any CPU
	EndGlobalSection
	GlobalSection(ProjectConfigurationPlatforms) = postSolution
		{61E150C6-9F22-4910-9DDE-261D946BAADA}.Debug|Any CPU.ActiveCfg = Debug|Any CPU
		{61E150C6-9F22-4910-9DDE-261D946BAADA}.Debug|Any CPU.Build.0 = Debug|Any CPU
		{61E150C6-9F22-4910-9DDE-261D946BAADA}.Release|Any CPU.ActiveCfg = Release|Any CPU
		{61E150C6-9F22-4910-9DDE-261D946BAADA}.Release|Any CPU.Build.0 = Release|Any CPU
		{DE46F457-A6F8-4ADC-950C-ECF4F1732BEA}.Debug|Any CPU.ActiveCfg = Debug|Any CPU
		{DE46F457-A6F8-4ADC-950C-ECF4F1732BEA}.Debug|Any CPU.Build.0 = Debug|Any CPU
		{DE46F457-A6F8-4ADC-950C-ECF4F1732BEA}.Release|Any CPU.ActiveCfg = Release|Any CPU
		{DE46F457-A6F8-4ADC-950C-ECF4F1732BEA}.Release|Any CPU.Build.0 = Release|Any CPU
	EndGlobalSection
	GlobalSection(SolutionProperties) = preSolution
		HideSolutionNode = FALSE
	EndGlobalSection
EndGlobal
